
Microsoft Visual Studio Solution File, Format Version 12.00
Project("{FAE04EC0-301F-11D3-BF4B-00C04F79EFBC}") = "Task1", "Task1\Task1.csproj", "{0EAC3A19-6C5E-416A-AEE8-C4A48F839211}"
EndProject
Project("{FAE04EC0-301F-11D3-BF4B-00C04F79EFBC}") = "Task2", "Task2\Task2.csproj", "{69590C7F-E983-4A25-8277-31CECE227F0C}"
EndProject
Global
	GlobalSection(SolutionConfigurationPlatforms) = preSolution
		Debug|Any CPU = Debug|Any CPU
		Release|Any CPU = Release|Any CPU
	EndGlobalSection
	GlobalSection(ProjectConfigurationPlatforms) = postSolution
		{0EAC3A19-6C5E-416A-AEE8-C4A48F839211}.Debug|Any CPU.ActiveCfg = Debug|Any CPU
		{0EAC3A19-6C5E-416A-AEE8-C4A48F839211}.Debug|Any CPU.Build.0 = Debug|Any CPU
		{0EAC3A19-6C5E-416A-AEE8-C4A48F839211}.Release|Any CPU.ActiveCfg = Release|Any CPU
		{0EAC3A19-6C5E-416A-AEE8-C4A48F839211}.Release|Any CPU.Build.0 = Release|Any CPU
		{69590C7F-E983-4A25-8277-31CECE227F0C}.Debug|Any CPU.ActiveCfg = Debug|Any CPU
		{69590C7F-E983-4A25-8277-31CECE227F0C}.Debug|Any CPU.Build.0 = Debug|Any CPU
		{69590C7F-E983-4A25-8277-31CECE227F0C}.Release|Any CPU.ActiveCfg = Release|Any CPU
		{69590C7F-E983-4A25-8277-31CECE227F0C}.Release|Any CPU.Build.0 = Release|Any CPU
	EndGlobalSection
EndGlobal
